
Microsoft Visual Studio Solution File, Format Version 12.00
# Visual Studio 15
VisualStudioVersion = 15.0.28307.757
MinimumVisualStudioVersion = 10.0.40219.1
Project("{FAE04EC0-301F-11D3-BF4B-00C04F79EFBC}") = "App", "App\App.csproj", "{66D90B90-8D0B-44F0-B310-36FFBFAA7CE0}"
EndProject
Project("{8BC9CEB8-8B4A-11D0-8D11-00A0C91BC942}") = "Code", "Code\Code.vcxproj", "{0BE64D98-3C01-4E5C-8482-CB3C05C0237A}"
EndProject
Project("{54435603-DBB4-11D2-8724-00A0C9A8B90C}") = "BoxMeasureSetup", "BoxMeasureSetup\BoxMeasureSetup.vdproj", "{2F810271-49F8-41C4-AF67-F23782C3694C}"
EndProject
Global
	GlobalSection(SolutionConfigurationPlatforms) = preSolution
		Debug|Any CPU = Debug|Any CPU
		Debug|x64 = Debug|x64
		Debug|x86 = Debug|x86
		Release|Any CPU = Release|Any CPU
		Release|x64 = Release|x64
		Release|x86 = Release|x86
	EndGlobalSection
	GlobalSection(ProjectConfigurationPlatforms) = postSolution
		{66D90B90-8D0B-44F0-B310-36FFBFAA7CE0}.Debug|Any CPU.ActiveCfg = Debug|Any CPU
		{66D90B90-8D0B-44F0-B310-36FFBFAA7CE0}.Debug|Any CPU.Build.0 = Debug|Any CPU
		{66D90B90-8D0B-44F0-B310-36FFBFAA7CE0}.Debug|x64.ActiveCfg = Debug|x64
		{66D90B90-8D0B-44F0-B310-36FFBFAA7CE0}.Debug|x64.Build.0 = Debug|x64
		{66D90B90-8D0B-44F0-B310-36FFBFAA7CE0}.Debug|x86.ActiveCfg = Debug|Any CPU
		{66D90B90-8D0B-44F0-B310-36FFBFAA7CE0}.Debug|x86.Build.0 = Debug|Any CPU
		{66D90B90-8D0B-44F0-B310-36FFBFAA7CE0}.Release|Any CPU.ActiveCfg = Release|Any CPU
		{66D90B90-8D0B-44F0-B310-36FFBFAA7CE0}.Release|Any CPU.Build.0 = Release|Any CPU
		{66D90B90-8D0B-44F0-B310-36FFBFAA7CE0}.Release|x64.ActiveCfg = Release|x64
		{66D90B90-8D0B-44F0-B310-36FFBFAA7CE0}.Release|x64.Build.0 = Release|x64
		{66D90B90-8D0B-44F0-B310-36FFBFAA7CE0}.Release|x86.ActiveCfg = Release|Any CPU
		{66D90B90-8D0B-44F0-B310-36FFBFAA7CE0}.Release|x86.Build.0 = Release|Any CPU
		{0BE64D98-3C01-4E5C-8482-CB3C05C0237A}.Debug|Any CPU.ActiveCfg = Debug|Win32
		{0BE64D98-3C01-4E5C-8482-CB3C05C0237A}.Debug|x64.ActiveCfg = Debug|x64
		{0BE64D98-3C01-4E5C-8482-CB3C05C0237A}.Debug|x64.Build.0 = Debug|x64
		{0BE64D98-3C01-4E5C-8482-CB3C05C0237A}.Debug|x86.ActiveCfg = Debug|Win32
		{0BE64D98-3C01-4E5C-8482-CB3C05C0237A}.Debug|x86.Build.0 = Debug|Win32
		{0BE64D98-3C01-4E5C-8482-CB3C05C0237A}.Release|Any CPU.ActiveCfg = Release|Win32
		{0BE64D98-3C01-4E5C-8482-CB3C05C0237A}.Release|x64.ActiveCfg = Release|x64
		{0BE64D98-3C01-4E5C-8482-CB3C05C0237A}.Release|x64.Build.0 = Release|x64
		{0BE64D98-3C01-4E5C-8482-CB3C05C0237A}.Release|x86.ActiveCfg = Release|Win32
		{0BE64D98-3C01-4E5C-8482-CB3C05C0237A}.Release|x86.Build.0 = Release|Win32
		{2F810271-49F8-41C4-AF67-F23782C3694C}.Debug|Any CPU.ActiveCfg = Debug
		{2F810271-49F8-41C4-AF67-F23782C3694C}.Debug|x64.ActiveCfg = Debug
		{2F810271-49F8-41C4-AF67-F23782C3694C}.Debug|x86.ActiveCfg = Debug
		{2F810271-49F8-41C4-AF67-F23782C3694C}.Release|Any CPU.ActiveCfg = Release
		{2F810271-49F8-41C4-AF67-F23782C3694C}.Release|x64.ActiveCfg = Release
		{2F810271-49F8-41C4-AF67-F23782C3694C}.Release|x86.ActiveCfg = Release
	EndGlobalSection
	GlobalSection(SolutionProperties) = preSolution
		HideSolutionNode = FALSE
	EndGlobalSection
	GlobalSection(ExtensibilityGlobals) = postSolution
		SolutionGuid = {F476BB71-2073-4978-9B10-8BAF5F2BF111}
	EndGlobalSection
EndGlobal
